
Microsoft Visual Studio Solution File, Format Version 12.00
# Visual Studio 15
VisualStudioVersion = 15.0.27428.2005
MinimumVisualStudioVersion = 10.0.40219.1
Project("{8BC9CEB8-8B4A-11D0-8D11-00A0C91BC942}") = "Project3", "Project3\Project3.vcxproj", "{F0BF0296-2D95-4CB1-AA08-D1A0F0F8D4EC}"
EndProject
Global
	GlobalSection(SolutionConfigurationPlatforms) = preSolution
		Debug|x64 = Debug|x64
		Debug|x86 = Debug|x86
		Release|x64 = Release|x64
		Release|x86 = Release|x86
	EndGlobalSection
	GlobalSection(ProjectConfigurationPlatforms) = postSolution
		{F0BF0296-2D95-4CB1-AA08-D1A0F0F8D4EC}.Debug|x64.ActiveCfg = Debug|x64
		{F0BF0296-2D95-4CB1-AA08-D1A0F0F8D4EC}.Debug|x64.Build.0 = Debug|x64
		{F0BF0296-2D95-4CB1-AA08-D1A0F0F8D4EC}.Debug|x86.ActiveCfg = Debug|Win32
		{F0BF0296-2D95-4CB1-AA08-D1A0F0F8D4EC}.Debug|x86.Build.0 = Debug|Win32
		{F0BF0296-2D95-4CB1-AA08-D1A0F0F8D4EC}.Release|x64.ActiveCfg = Debug|x64
		{F0BF0296-2D95-4CB1-AA08-D1A0F0F8D4EC}.Release|x64.Build.0 = Debug|x64
		{F0BF0296-2D95-4CB1-AA08-D1A0F0F8D4EC}.Release|x86.ActiveCfg = Release|Win32
		{F0BF0296-2D95-4CB1-AA08-D1A0F0F8D4EC}.Release|x86.Build.0 = Release|Win32
	EndGlobalSection
	GlobalSection(SolutionProperties) = preSolution
		HideSolutionNode = FALSE
	EndGlobalSection
	GlobalSection(ExtensibilityGlobals) = postSolution
		SolutionGuid = {C0FCE920-818A-41AB-BDAF-79A46671D387}
	EndGlobalSection
EndGlobal
